
Microsoft Visual Studio Solution File, Format Version 12.00
# Visual Studio 15
VisualStudioVersion = 15.0.27130.2024
MinimumVisualStudioVersion = 10.0.40219.1
Project("{FAE04EC0-301F-11D3-BF4B-00C04F79EFBC}") = "OpportunityExportUtility", "OpportunityExportUtility\OpportunityExportUtility.csproj", "{CA168D7C-3584-49E9-9821-818C302C9C73}"
EndProject
Global
	GlobalSection(SolutionConfigurationPlatforms) = preSolution
		Debug|Any CPU = Debug|Any CPU
		Debug|x64 = Debug|x64
		Debug|x86 = Debug|x86
		Release|Any CPU = Release|Any CPU
		Release|x64 = Release|x64
		Release|x86 = Release|x86
		Working|Any CPU = Working|Any CPU
		Working|x64 = Working|x64
		Working|x86 = Working|x86
	EndGlobalSection
	GlobalSection(ProjectConfigurationPlatforms) = postSolution
		{CA168D7C-3584-49E9-9821-818C302C9C73}.Debug|Any CPU.ActiveCfg = Debug|Any CPU
		{CA168D7C-3584-49E9-9821-818C302C9C73}.Debug|Any CPU.Build.0 = Debug|Any CPU
		{CA168D7C-3584-49E9-9821-818C302C9C73}.Debug|x64.ActiveCfg = Debug|Any CPU
		{CA168D7C-3584-49E9-9821-818C302C9C73}.Debug|x64.Build.0 = Debug|Any CPU
		{CA168D7C-3584-49E9-9821-818C302C9C73}.Debug|x86.ActiveCfg = Debug|Any CPU
		{CA168D7C-3584-49E9-9821-818C302C9C73}.Debug|x86.Build.0 = Debug|Any CPU
		{CA168D7C-3584-49E9-9821-818C302C9C73}.Release|Any CPU.ActiveCfg = Release|Any CPU
		{CA168D7C-3584-49E9-9821-818C302C9C73}.Release|Any CPU.Build.0 = Release|Any CPU
		{CA168D7C-3584-49E9-9821-818C302C9C73}.Release|x64.ActiveCfg = Release|Any CPU
		{CA168D7C-3584-49E9-9821-818C302C9C73}.Release|x64.Build.0 = Release|Any CPU
		{CA168D7C-3584-49E9-9821-818C302C9C73}.Release|x86.ActiveCfg = Release|Any CPU
		{CA168D7C-3584-49E9-9821-818C302C9C73}.Release|x86.Build.0 = Release|Any CPU
		{CA168D7C-3584-49E9-9821-818C302C9C73}.Working|Any CPU.ActiveCfg = Release|Any CPU
		{CA168D7C-3584-49E9-9821-818C302C9C73}.Working|Any CPU.Build.0 = Release|Any CPU
		{CA168D7C-3584-49E9-9821-818C302C9C73}.Working|x64.ActiveCfg = Release|Any CPU
		{CA168D7C-3584-49E9-9821-818C302C9C73}.Working|x64.Build.0 = Release|Any CPU
		{CA168D7C-3584-49E9-9821-818C302C9C73}.Working|x86.ActiveCfg = Release|Any CPU
		{CA168D7C-3584-49E9-9821-818C302C9C73}.Working|x86.Build.0 = Release|Any CPU
	EndGlobalSection
	GlobalSection(SolutionProperties) = preSolution
		HideSolutionNode = FALSE
	EndGlobalSection
	GlobalSection(ExtensibilityGlobals) = postSolution
		SolutionGuid = {A3FFBA80-7DBA-4A9C-8438-B2A00E206212}
	EndGlobalSection
EndGlobal
