
Microsoft Visual Studio Solution File, Format Version 12.00
# Visual Studio 15
VisualStudioVersion = 15.0.27004.2008
MinimumVisualStudioVersion = 10.0.40219.1
Project("{FAE04EC0-301F-11D3-BF4B-00C04F79EFBC}") = "EstimateBuilder", "EstimateBuilder\EstimateBuilder.csproj", "{600B62B8-38CD-47CD-885E-FC4D58052359}"
EndProject
Project("{FAE04EC0-301F-11D3-BF4B-00C04F79EFBC}") = "EstimatingLibrary", "EstimatingLibrary\EstimatingLibrary.csproj", "{B0F44768-5B48-47B3-BBE8-0DCBD4B0B0C0}"
EndProject
Project("{FAE04EC0-301F-11D3-BF4B-00C04F79EFBC}") = "EstimatingUtilitiesLibrary", "EstimatingUtilitiesLibrary\EstimatingUtilitiesLibrary.csproj", "{51A81226-21BE-421F-846E-84BFF88B0F0F}"
EndProject
Project("{FAE04EC0-301F-11D3-BF4B-00C04F79EFBC}") = "TECUserControlLibrary", "TECUserControlLibrary\TECUserControlLibrary.csproj", "{22639A06-A7BA-483D-80DC-C9BD7157F0BA}"
EndProject
Project("{FAE04EC0-301F-11D3-BF4B-00C04F79EFBC}") = "TemplateBuilder", "TemplateBuilder\TemplateBuilder.csproj", "{1FEE567B-7D4F-4C5E-8687-07C649BA6526}"
EndProject
Project("{FAE04EC0-301F-11D3-BF4B-00C04F79EFBC}") = "CombinedTests", "Tests\CombinedTests.csproj", "{10D3075C-F8C3-4BB1-8E0E-EDE16BEF33AE}"
EndProject
Project("{FAE04EC0-301F-11D3-BF4B-00C04F79EFBC}") = "EstimatingUtilitiesLibraryTests", "EstimatingUtilitiesLibraryTests\EstimatingUtilitiesLibraryTests.csproj", "{659CBADA-6189-4357-8AB7-1227FC5BEF7A}"
EndProject
Project("{FAE04EC0-301F-11D3-BF4B-00C04F79EFBC}") = "EstimatingLibraryTests", "EstimatingLibraryTests\EstimatingLibraryTests.csproj", "{C919B1CD-1ED1-40E4-B46A-2273FB6B5B63}"
EndProject
Project("{FAE04EC0-301F-11D3-BF4B-00C04F79EFBC}") = "TECUserControlLibraryTests", "TECUserControlLibraryTests\TECUserControlLibraryTests.csproj", "{1EE5CB03-A7C7-4A28-AA93-8995FC3E8EDC}"
EndProject
Project("{FAE04EC0-301F-11D3-BF4B-00C04F79EFBC}") = "TestLibrary", "TestLibrary\TestLibrary.csproj", "{1A944577-A8A9-4D5E-9394-7C33F306D21E}"
EndProject
Project("{DA7A21FA-8162-4350-AD77-A8D1B671F3ED}") = "LaborAnalysis", "LaborAnalysis\LaborAnalysis.rxproj", "{45FC89B7-CEB0-4B67-BDEC-B86735BA7F2C}"
EndProject
Project("{930C7802-8A8C-48F9-8165-68863BCCD9DD}") = "EstimatingToolsSetup", "EstimatingToolsSetup\EstimatingToolsSetup.wixproj", "{4A898F2A-02EE-4F5A-8B34-67F7DEE5ED26}"
EndProject
Project("{930C7802-8A8C-48F9-8165-68863BCCD9DD}") = "EstimatingToolsBootstrapper", "EstimatingToolsBootstrapper\EstimatingToolsBootstrapper.wixproj", "{32287AD8-C8C8-494F-A18B-AD4B3A840963}"
EndProject
Global
	GlobalSection(SolutionConfigurationPlatforms) = preSolution
		Debug|Any CPU = Debug|Any CPU
		Debug|x64 = Debug|x64
		Debug|x86 = Debug|x86
		Release|Any CPU = Release|Any CPU
		Release|x64 = Release|x64
		Release|x86 = Release|x86
		Working|Any CPU = Working|Any CPU
		Working|x64 = Working|x64
		Working|x86 = Working|x86
	EndGlobalSection
	GlobalSection(ProjectConfigurationPlatforms) = postSolution
		{600B62B8-38CD-47CD-885E-FC4D58052359}.Debug|Any CPU.ActiveCfg = Debug|Any CPU
		{600B62B8-38CD-47CD-885E-FC4D58052359}.Debug|Any CPU.Build.0 = Debug|Any CPU
		{600B62B8-38CD-47CD-885E-FC4D58052359}.Debug|x64.ActiveCfg = Debug|x64
		{600B62B8-38CD-47CD-885E-FC4D58052359}.Debug|x64.Build.0 = Debug|x64
		{600B62B8-38CD-47CD-885E-FC4D58052359}.Debug|x86.ActiveCfg = Debug|Any CPU
		{600B62B8-38CD-47CD-885E-FC4D58052359}.Debug|x86.Build.0 = Debug|Any CPU
		{600B62B8-38CD-47CD-885E-FC4D58052359}.Release|Any CPU.ActiveCfg = Release|Any CPU
		{600B62B8-38CD-47CD-885E-FC4D58052359}.Release|Any CPU.Build.0 = Release|Any CPU
		{600B62B8-38CD-47CD-885E-FC4D58052359}.Release|x64.ActiveCfg = Debug|x64
		{600B62B8-38CD-47CD-885E-FC4D58052359}.Release|x64.Build.0 = Debug|x64
		{600B62B8-38CD-47CD-885E-FC4D58052359}.Release|x86.ActiveCfg = Release|Any CPU
		{600B62B8-38CD-47CD-885E-FC4D58052359}.Release|x86.Build.0 = Release|Any CPU
		{600B62B8-38CD-47CD-885E-FC4D58052359}.Working|Any CPU.ActiveCfg = Release|Any CPU
		{600B62B8-38CD-47CD-885E-FC4D58052359}.Working|Any CPU.Build.0 = Release|Any CPU
		{600B62B8-38CD-47CD-885E-FC4D58052359}.Working|x64.ActiveCfg = Release|Any CPU
		{600B62B8-38CD-47CD-885E-FC4D58052359}.Working|x64.Build.0 = Release|Any CPU
		{600B62B8-38CD-47CD-885E-FC4D58052359}.Working|x86.ActiveCfg = Release|Any CPU
		{600B62B8-38CD-47CD-885E-FC4D58052359}.Working|x86.Build.0 = Release|Any CPU
		{B0F44768-5B48-47B3-BBE8-0DCBD4B0B0C0}.Debug|Any CPU.ActiveCfg = Debug|Any CPU
		{B0F44768-5B48-47B3-BBE8-0DCBD4B0B0C0}.Debug|Any CPU.Build.0 = Debug|Any CPU
		{B0F44768-5B48-47B3-BBE8-0DCBD4B0B0C0}.Debug|x64.ActiveCfg = Debug|x64
		{B0F44768-5B48-47B3-BBE8-0DCBD4B0B0C0}.Debug|x64.Build.0 = Debug|x64
		{B0F44768-5B48-47B3-BBE8-0DCBD4B0B0C0}.Debug|x86.ActiveCfg = Debug|Any CPU
		{B0F44768-5B48-47B3-BBE8-0DCBD4B0B0C0}.Debug|x86.Build.0 = Debug|Any CPU
		{B0F44768-5B48-47B3-BBE8-0DCBD4B0B0C0}.Release|Any CPU.ActiveCfg = Release|Any CPU
		{B0F44768-5B48-47B3-BBE8-0DCBD4B0B0C0}.Release|Any CPU.Build.0 = Release|Any CPU
		{B0F44768-5B48-47B3-BBE8-0DCBD4B0B0C0}.Release|x64.ActiveCfg = Debug|x64
		{B0F44768-5B48-47B3-BBE8-0DCBD4B0B0C0}.Release|x64.Build.0 = Debug|x64
		{B0F44768-5B48-47B3-BBE8-0DCBD4B0B0C0}.Release|x86.ActiveCfg = Release|Any CPU
		{B0F44768-5B48-47B3-BBE8-0DCBD4B0B0C0}.Release|x86.Build.0 = Release|Any CPU
		{B0F44768-5B48-47B3-BBE8-0DCBD4B0B0C0}.Working|Any CPU.ActiveCfg = Working|Any CPU
		{B0F44768-5B48-47B3-BBE8-0DCBD4B0B0C0}.Working|Any CPU.Build.0 = Working|Any CPU
		{B0F44768-5B48-47B3-BBE8-0DCBD4B0B0C0}.Working|x64.ActiveCfg = Release|Any CPU
		{B0F44768-5B48-47B3-BBE8-0DCBD4B0B0C0}.Working|x64.Build.0 = Release|Any CPU
		{B0F44768-5B48-47B3-BBE8-0DCBD4B0B0C0}.Working|x86.ActiveCfg = Working|Any CPU
		{B0F44768-5B48-47B3-BBE8-0DCBD4B0B0C0}.Working|x86.Build.0 = Working|Any CPU
		{51A81226-21BE-421F-846E-84BFF88B0F0F}.Debug|Any CPU.ActiveCfg = Debug|Any CPU
		{51A81226-21BE-421F-846E-84BFF88B0F0F}.Debug|Any CPU.Build.0 = Debug|Any CPU
		{51A81226-21BE-421F-846E-84BFF88B0F0F}.Debug|x64.ActiveCfg = Debug|x64
		{51A81226-21BE-421F-846E-84BFF88B0F0F}.Debug|x64.Build.0 = Debug|x64
		{51A81226-21BE-421F-846E-84BFF88B0F0F}.Debug|x86.ActiveCfg = Debug|Any CPU
		{51A81226-21BE-421F-846E-84BFF88B0F0F}.Debug|x86.Build.0 = Debug|Any CPU
		{51A81226-21BE-421F-846E-84BFF88B0F0F}.Release|Any CPU.ActiveCfg = Release|Any CPU
		{51A81226-21BE-421F-846E-84BFF88B0F0F}.Release|Any CPU.Build.0 = Release|Any CPU
		{51A81226-21BE-421F-846E-84BFF88B0F0F}.Release|x64.ActiveCfg = Debug|x64
		{51A81226-21BE-421F-846E-84BFF88B0F0F}.Release|x64.Build.0 = Debug|x64
		{51A81226-21BE-421F-846E-84BFF88B0F0F}.Release|x86.ActiveCfg = Release|Any CPU
		{51A81226-21BE-421F-846E-84BFF88B0F0F}.Release|x86.Build.0 = Release|Any CPU
		{51A81226-21BE-421F-846E-84BFF88B0F0F}.Working|Any CPU.ActiveCfg = Release|Any CPU
		{51A81226-21BE-421F-846E-84BFF88B0F0F}.Working|Any CPU.Build.0 = Release|Any CPU
		{51A81226-21BE-421F-846E-84BFF88B0F0F}.Working|x64.ActiveCfg = Release|Any CPU
		{51A81226-21BE-421F-846E-84BFF88B0F0F}.Working|x64.Build.0 = Release|Any CPU
		{51A81226-21BE-421F-846E-84BFF88B0F0F}.Working|x86.ActiveCfg = Release|Any CPU
		{51A81226-21BE-421F-846E-84BFF88B0F0F}.Working|x86.Build.0 = Release|Any CPU
		{22639A06-A7BA-483D-80DC-C9BD7157F0BA}.Debug|Any CPU.ActiveCfg = Debug|Any CPU
		{22639A06-A7BA-483D-80DC-C9BD7157F0BA}.Debug|Any CPU.Build.0 = Debug|Any CPU
		{22639A06-A7BA-483D-80DC-C9BD7157F0BA}.Debug|x64.ActiveCfg = Debug|Any CPU
		{22639A06-A7BA-483D-80DC-C9BD7157F0BA}.Debug|x64.Build.0 = Debug|Any CPU
		{22639A06-A7BA-483D-80DC-C9BD7157F0BA}.Debug|x86.ActiveCfg = Debug|Any CPU
		{22639A06-A7BA-483D-80DC-C9BD7157F0BA}.Debug|x86.Build.0 = Debug|Any CPU
		{22639A06-A7BA-483D-80DC-C9BD7157F0BA}.Release|Any CPU.ActiveCfg = Release|Any CPU
		{22639A06-A7BA-483D-80DC-C9BD7157F0BA}.Release|Any CPU.Build.0 = Release|Any CPU
		{22639A06-A7BA-483D-80DC-C9BD7157F0BA}.Release|x64.ActiveCfg = Debug|Any CPU
		{22639A06-A7BA-483D-80DC-C9BD7157F0BA}.Release|x64.Build.0 = Debug|Any CPU
		{22639A06-A7BA-483D-80DC-C9BD7157F0BA}.Release|x86.ActiveCfg = Release|Any CPU
		{22639A06-A7BA-483D-80DC-C9BD7157F0BA}.Release|x86.Build.0 = Release|Any CPU
		{22639A06-A7BA-483D-80DC-C9BD7157F0BA}.Working|Any CPU.ActiveCfg = Release|Any CPU
		{22639A06-A7BA-483D-80DC-C9BD7157F0BA}.Working|Any CPU.Build.0 = Release|Any CPU
		{22639A06-A7BA-483D-80DC-C9BD7157F0BA}.Working|x64.ActiveCfg = Release|Any CPU
		{22639A06-A7BA-483D-80DC-C9BD7157F0BA}.Working|x64.Build.0 = Release|Any CPU
		{22639A06-A7BA-483D-80DC-C9BD7157F0BA}.Working|x86.ActiveCfg = Release|Any CPU
		{22639A06-A7BA-483D-80DC-C9BD7157F0BA}.Working|x86.Build.0 = Release|Any CPU
		{1FEE567B-7D4F-4C5E-8687-07C649BA6526}.Debug|Any CPU.ActiveCfg = Debug|Any CPU
		{1FEE567B-7D4F-4C5E-8687-07C649BA6526}.Debug|Any CPU.Build.0 = Debug|Any CPU
		{1FEE567B-7D4F-4C5E-8687-07C649BA6526}.Debug|x64.ActiveCfg = Debug|x64
		{1FEE567B-7D4F-4C5E-8687-07C649BA6526}.Debug|x64.Build.0 = Debug|x64
		{1FEE567B-7D4F-4C5E-8687-07C649BA6526}.Debug|x86.ActiveCfg = Debug|x86
		{1FEE567B-7D4F-4C5E-8687-07C649BA6526}.Debug|x86.Build.0 = Debug|x86
		{1FEE567B-7D4F-4C5E-8687-07C649BA6526}.Release|Any CPU.ActiveCfg = Release|Any CPU
		{1FEE567B-7D4F-4C5E-8687-07C649BA6526}.Release|Any CPU.Build.0 = Release|Any CPU
		{1FEE567B-7D4F-4C5E-8687-07C649BA6526}.Release|x64.ActiveCfg = Debug|x64
		{1FEE567B-7D4F-4C5E-8687-07C649BA6526}.Release|x64.Build.0 = Debug|x64
		{1FEE567B-7D4F-4C5E-8687-07C649BA6526}.Release|x86.ActiveCfg = Release|x86
		{1FEE567B-7D4F-4C5E-8687-07C649BA6526}.Release|x86.Build.0 = Release|x86
		{1FEE567B-7D4F-4C5E-8687-07C649BA6526}.Working|Any CPU.ActiveCfg = Release|Any CPU
		{1FEE567B-7D4F-4C5E-8687-07C649BA6526}.Working|Any CPU.Build.0 = Release|Any CPU
		{1FEE567B-7D4F-4C5E-8687-07C649BA6526}.Working|x64.ActiveCfg = Release|x64
		{1FEE567B-7D4F-4C5E-8687-07C649BA6526}.Working|x64.Build.0 = Release|x64
		{1FEE567B-7D4F-4C5E-8687-07C649BA6526}.Working|x86.ActiveCfg = Release|x86
		{1FEE567B-7D4F-4C5E-8687-07C649BA6526}.Working|x86.Build.0 = Release|x86
		{10D3075C-F8C3-4BB1-8E0E-EDE16BEF33AE}.Debug|Any CPU.ActiveCfg = Debug|Any CPU
		{10D3075C-F8C3-4BB1-8E0E-EDE16BEF33AE}.Debug|Any CPU.Build.0 = Debug|Any CPU
		{10D3075C-F8C3-4BB1-8E0E-EDE16BEF33AE}.Debug|x64.ActiveCfg = Debug|x64
		{10D3075C-F8C3-4BB1-8E0E-EDE16BEF33AE}.Debug|x64.Build.0 = Debug|x64
		{10D3075C-F8C3-4BB1-8E0E-EDE16BEF33AE}.Debug|x86.ActiveCfg = Debug|Any CPU
		{10D3075C-F8C3-4BB1-8E0E-EDE16BEF33AE}.Debug|x86.Build.0 = Debug|Any CPU
		{10D3075C-F8C3-4BB1-8E0E-EDE16BEF33AE}.Release|Any CPU.ActiveCfg = Release|Any CPU
		{10D3075C-F8C3-4BB1-8E0E-EDE16BEF33AE}.Release|Any CPU.Build.0 = Release|Any CPU
		{10D3075C-F8C3-4BB1-8E0E-EDE16BEF33AE}.Release|x64.ActiveCfg = Debug|x64
		{10D3075C-F8C3-4BB1-8E0E-EDE16BEF33AE}.Release|x64.Build.0 = Debug|x64
		{10D3075C-F8C3-4BB1-8E0E-EDE16BEF33AE}.Release|x86.ActiveCfg = Release|Any CPU
		{10D3075C-F8C3-4BB1-8E0E-EDE16BEF33AE}.Release|x86.Build.0 = Release|Any CPU
		{10D3075C-F8C3-4BB1-8E0E-EDE16BEF33AE}.Working|Any CPU.ActiveCfg = Release|Any CPU
		{10D3075C-F8C3-4BB1-8E0E-EDE16BEF33AE}.Working|Any CPU.Build.0 = Release|Any CPU
		{10D3075C-F8C3-4BB1-8E0E-EDE16BEF33AE}.Working|x64.ActiveCfg = Release|Any CPU
		{10D3075C-F8C3-4BB1-8E0E-EDE16BEF33AE}.Working|x64.Build.0 = Release|Any CPU
		{10D3075C-F8C3-4BB1-8E0E-EDE16BEF33AE}.Working|x86.ActiveCfg = Release|Any CPU
		{10D3075C-F8C3-4BB1-8E0E-EDE16BEF33AE}.Working|x86.Build.0 = Release|Any CPU
		{659CBADA-6189-4357-8AB7-1227FC5BEF7A}.Debug|Any CPU.ActiveCfg = Debug|Any CPU
		{659CBADA-6189-4357-8AB7-1227FC5BEF7A}.Debug|Any CPU.Build.0 = Debug|Any CPU
		{659CBADA-6189-4357-8AB7-1227FC5BEF7A}.Debug|x64.ActiveCfg = Debug|Any CPU
		{659CBADA-6189-4357-8AB7-1227FC5BEF7A}.Debug|x64.Build.0 = Debug|Any CPU
		{659CBADA-6189-4357-8AB7-1227FC5BEF7A}.Debug|x86.ActiveCfg = Debug|Any CPU
		{659CBADA-6189-4357-8AB7-1227FC5BEF7A}.Debug|x86.Build.0 = Debug|Any CPU
		{659CBADA-6189-4357-8AB7-1227FC5BEF7A}.Release|Any CPU.ActiveCfg = Release|Any CPU
		{659CBADA-6189-4357-8AB7-1227FC5BEF7A}.Release|Any CPU.Build.0 = Release|Any CPU
		{659CBADA-6189-4357-8AB7-1227FC5BEF7A}.Release|x64.ActiveCfg = Release|Any CPU
		{659CBADA-6189-4357-8AB7-1227FC5BEF7A}.Release|x64.Build.0 = Release|Any CPU
		{659CBADA-6189-4357-8AB7-1227FC5BEF7A}.Release|x86.ActiveCfg = Release|Any CPU
		{659CBADA-6189-4357-8AB7-1227FC5BEF7A}.Release|x86.Build.0 = Release|Any CPU
		{659CBADA-6189-4357-8AB7-1227FC5BEF7A}.Working|Any CPU.ActiveCfg = Release|Any CPU
		{659CBADA-6189-4357-8AB7-1227FC5BEF7A}.Working|Any CPU.Build.0 = Release|Any CPU
		{659CBADA-6189-4357-8AB7-1227FC5BEF7A}.Working|x64.ActiveCfg = Release|Any CPU
		{659CBADA-6189-4357-8AB7-1227FC5BEF7A}.Working|x64.Build.0 = Release|Any CPU
		{659CBADA-6189-4357-8AB7-1227FC5BEF7A}.Working|x86.ActiveCfg = Release|Any CPU
		{659CBADA-6189-4357-8AB7-1227FC5BEF7A}.Working|x86.Build.0 = Release|Any CPU
		{C919B1CD-1ED1-40E4-B46A-2273FB6B5B63}.Debug|Any CPU.ActiveCfg = Debug|Any CPU
		{C919B1CD-1ED1-40E4-B46A-2273FB6B5B63}.Debug|Any CPU.Build.0 = Debug|Any CPU
		{C919B1CD-1ED1-40E4-B46A-2273FB6B5B63}.Debug|x64.ActiveCfg = Debug|Any CPU
		{C919B1CD-1ED1-40E4-B46A-2273FB6B5B63}.Debug|x64.Build.0 = Debug|Any CPU
		{C919B1CD-1ED1-40E4-B46A-2273FB6B5B63}.Debug|x86.ActiveCfg = Debug|Any CPU
		{C919B1CD-1ED1-40E4-B46A-2273FB6B5B63}.Debug|x86.Build.0 = Debug|Any CPU
		{C919B1CD-1ED1-40E4-B46A-2273FB6B5B63}.Release|Any CPU.ActiveCfg = Release|Any CPU
		{C919B1CD-1ED1-40E4-B46A-2273FB6B5B63}.Release|Any CPU.Build.0 = Release|Any CPU
		{C919B1CD-1ED1-40E4-B46A-2273FB6B5B63}.Release|x64.ActiveCfg = Release|Any CPU
		{C919B1CD-1ED1-40E4-B46A-2273FB6B5B63}.Release|x64.Build.0 = Release|Any CPU
		{C919B1CD-1ED1-40E4-B46A-2273FB6B5B63}.Release|x86.ActiveCfg = Release|Any CPU
		{C919B1CD-1ED1-40E4-B46A-2273FB6B5B63}.Release|x86.Build.0 = Release|Any CPU
		{C919B1CD-1ED1-40E4-B46A-2273FB6B5B63}.Working|Any CPU.ActiveCfg = Release|Any CPU
		{C919B1CD-1ED1-40E4-B46A-2273FB6B5B63}.Working|Any CPU.Build.0 = Release|Any CPU
		{C919B1CD-1ED1-40E4-B46A-2273FB6B5B63}.Working|x64.ActiveCfg = Release|Any CPU
		{C919B1CD-1ED1-40E4-B46A-2273FB6B5B63}.Working|x64.Build.0 = Release|Any CPU
		{C919B1CD-1ED1-40E4-B46A-2273FB6B5B63}.Working|x86.ActiveCfg = Release|Any CPU
		{C919B1CD-1ED1-40E4-B46A-2273FB6B5B63}.Working|x86.Build.0 = Release|Any CPU
		{1EE5CB03-A7C7-4A28-AA93-8995FC3E8EDC}.Debug|Any CPU.ActiveCfg = Debug|Any CPU
		{1EE5CB03-A7C7-4A28-AA93-8995FC3E8EDC}.Debug|Any CPU.Build.0 = Debug|Any CPU
		{1EE5CB03-A7C7-4A28-AA93-8995FC3E8EDC}.Debug|x64.ActiveCfg = Debug|Any CPU
		{1EE5CB03-A7C7-4A28-AA93-8995FC3E8EDC}.Debug|x64.Build.0 = Debug|Any CPU
		{1EE5CB03-A7C7-4A28-AA93-8995FC3E8EDC}.Debug|x86.ActiveCfg = Debug|Any CPU
		{1EE5CB03-A7C7-4A28-AA93-8995FC3E8EDC}.Debug|x86.Build.0 = Debug|Any CPU
		{1EE5CB03-A7C7-4A28-AA93-8995FC3E8EDC}.Release|Any CPU.ActiveCfg = Release|Any CPU
		{1EE5CB03-A7C7-4A28-AA93-8995FC3E8EDC}.Release|Any CPU.Build.0 = Release|Any CPU
		{1EE5CB03-A7C7-4A28-AA93-8995FC3E8EDC}.Release|x64.ActiveCfg = Release|Any CPU
		{1EE5CB03-A7C7-4A28-AA93-8995FC3E8EDC}.Release|x64.Build.0 = Release|Any CPU
		{1EE5CB03-A7C7-4A28-AA93-8995FC3E8EDC}.Release|x86.ActiveCfg = Release|Any CPU
		{1EE5CB03-A7C7-4A28-AA93-8995FC3E8EDC}.Release|x86.Build.0 = Release|Any CPU
		{1EE5CB03-A7C7-4A28-AA93-8995FC3E8EDC}.Working|Any CPU.ActiveCfg = Release|Any CPU
		{1EE5CB03-A7C7-4A28-AA93-8995FC3E8EDC}.Working|Any CPU.Build.0 = Release|Any CPU
		{1EE5CB03-A7C7-4A28-AA93-8995FC3E8EDC}.Working|x64.ActiveCfg = Release|Any CPU
		{1EE5CB03-A7C7-4A28-AA93-8995FC3E8EDC}.Working|x64.Build.0 = Release|Any CPU
		{1EE5CB03-A7C7-4A28-AA93-8995FC3E8EDC}.Working|x86.ActiveCfg = Release|Any CPU
		{1EE5CB03-A7C7-4A28-AA93-8995FC3E8EDC}.Working|x86.Build.0 = Release|Any CPU
		{1A944577-A8A9-4D5E-9394-7C33F306D21E}.Debug|Any CPU.ActiveCfg = Debug|Any CPU
		{1A944577-A8A9-4D5E-9394-7C33F306D21E}.Debug|Any CPU.Build.0 = Debug|Any CPU
		{1A944577-A8A9-4D5E-9394-7C33F306D21E}.Debug|x64.ActiveCfg = Debug|Any CPU
		{1A944577-A8A9-4D5E-9394-7C33F306D21E}.Debug|x64.Build.0 = Debug|Any CPU
		{1A944577-A8A9-4D5E-9394-7C33F306D21E}.Debug|x86.ActiveCfg = Debug|Any CPU
		{1A944577-A8A9-4D5E-9394-7C33F306D21E}.Debug|x86.Build.0 = Debug|Any CPU
		{1A944577-A8A9-4D5E-9394-7C33F306D21E}.Release|Any CPU.ActiveCfg = Release|Any CPU
		{1A944577-A8A9-4D5E-9394-7C33F306D21E}.Release|Any CPU.Build.0 = Release|Any CPU
		{1A944577-A8A9-4D5E-9394-7C33F306D21E}.Release|x64.ActiveCfg = Release|Any CPU
		{1A944577-A8A9-4D5E-9394-7C33F306D21E}.Release|x64.Build.0 = Release|Any CPU
		{1A944577-A8A9-4D5E-9394-7C33F306D21E}.Release|x86.ActiveCfg = Release|Any CPU
		{1A944577-A8A9-4D5E-9394-7C33F306D21E}.Release|x86.Build.0 = Release|Any CPU
		{1A944577-A8A9-4D5E-9394-7C33F306D21E}.Working|Any CPU.ActiveCfg = Release|Any CPU
		{1A944577-A8A9-4D5E-9394-7C33F306D21E}.Working|Any CPU.Build.0 = Release|Any CPU
		{1A944577-A8A9-4D5E-9394-7C33F306D21E}.Working|x64.ActiveCfg = Release|Any CPU
		{1A944577-A8A9-4D5E-9394-7C33F306D21E}.Working|x64.Build.0 = Release|Any CPU
		{1A944577-A8A9-4D5E-9394-7C33F306D21E}.Working|x86.ActiveCfg = Release|Any CPU
		{1A944577-A8A9-4D5E-9394-7C33F306D21E}.Working|x86.Build.0 = Release|Any CPU
		{45FC89B7-CEB0-4B67-BDEC-B86735BA7F2C}.Debug|Any CPU.ActiveCfg = Debug|Any CPU
		{45FC89B7-CEB0-4B67-BDEC-B86735BA7F2C}.Debug|Any CPU.Build.0 = Debug|Any CPU
		{45FC89B7-CEB0-4B67-BDEC-B86735BA7F2C}.Debug|x64.ActiveCfg = Debug|Any CPU
		{45FC89B7-CEB0-4B67-BDEC-B86735BA7F2C}.Debug|x64.Build.0 = Debug|Any CPU
		{45FC89B7-CEB0-4B67-BDEC-B86735BA7F2C}.Debug|x86.ActiveCfg = Debug|Any CPU
		{45FC89B7-CEB0-4B67-BDEC-B86735BA7F2C}.Debug|x86.Build.0 = Debug|Any CPU
		{45FC89B7-CEB0-4B67-BDEC-B86735BA7F2C}.Release|Any CPU.ActiveCfg = Release|Any CPU
		{45FC89B7-CEB0-4B67-BDEC-B86735BA7F2C}.Release|Any CPU.Build.0 = Release|Any CPU
		{45FC89B7-CEB0-4B67-BDEC-B86735BA7F2C}.Release|x64.ActiveCfg = Release|Any CPU
		{45FC89B7-CEB0-4B67-BDEC-B86735BA7F2C}.Release|x64.Build.0 = Release|Any CPU
		{45FC89B7-CEB0-4B67-BDEC-B86735BA7F2C}.Release|x86.ActiveCfg = Release|Any CPU
		{45FC89B7-CEB0-4B67-BDEC-B86735BA7F2C}.Release|x86.Build.0 = Release|Any CPU
		{45FC89B7-CEB0-4B67-BDEC-B86735BA7F2C}.Working|Any CPU.ActiveCfg = Debug|Any CPU
		{45FC89B7-CEB0-4B67-BDEC-B86735BA7F2C}.Working|Any CPU.Build.0 = Debug|Any CPU
		{45FC89B7-CEB0-4B67-BDEC-B86735BA7F2C}.Working|x64.ActiveCfg = Debug|Any CPU
		{45FC89B7-CEB0-4B67-BDEC-B86735BA7F2C}.Working|x64.Build.0 = Debug|Any CPU
		{45FC89B7-CEB0-4B67-BDEC-B86735BA7F2C}.Working|x86.ActiveCfg = Debug|Any CPU
		{45FC89B7-CEB0-4B67-BDEC-B86735BA7F2C}.Working|x86.Build.0 = Debug|Any CPU
		{4A898F2A-02EE-4F5A-8B34-67F7DEE5ED26}.Debug|Any CPU.ActiveCfg = Debug|x86
		{4A898F2A-02EE-4F5A-8B34-67F7DEE5ED26}.Debug|x64.ActiveCfg = Debug|x86
		{4A898F2A-02EE-4F5A-8B34-67F7DEE5ED26}.Debug|x86.ActiveCfg = Debug|x86
		{4A898F2A-02EE-4F5A-8B34-67F7DEE5ED26}.Debug|x86.Build.0 = Debug|x86
		{4A898F2A-02EE-4F5A-8B34-67F7DEE5ED26}.Release|Any CPU.ActiveCfg = Release|x86
		{4A898F2A-02EE-4F5A-8B34-67F7DEE5ED26}.Release|x64.ActiveCfg = Release|x86
		{4A898F2A-02EE-4F5A-8B34-67F7DEE5ED26}.Release|x86.ActiveCfg = Release|x86
		{4A898F2A-02EE-4F5A-8B34-67F7DEE5ED26}.Release|x86.Build.0 = Release|x86
		{4A898F2A-02EE-4F5A-8B34-67F7DEE5ED26}.Working|Any CPU.ActiveCfg = Release|x86
		{4A898F2A-02EE-4F5A-8B34-67F7DEE5ED26}.Working|Any CPU.Build.0 = Release|x86
		{4A898F2A-02EE-4F5A-8B34-67F7DEE5ED26}.Working|x64.ActiveCfg = Release|x86
		{4A898F2A-02EE-4F5A-8B34-67F7DEE5ED26}.Working|x64.Build.0 = Release|x86
		{4A898F2A-02EE-4F5A-8B34-67F7DEE5ED26}.Working|x86.ActiveCfg = Release|x86
		{4A898F2A-02EE-4F5A-8B34-67F7DEE5ED26}.Working|x86.Build.0 = Release|x86
		{32287AD8-C8C8-494F-A18B-AD4B3A840963}.Debug|Any CPU.ActiveCfg = Debug|x86
		{32287AD8-C8C8-494F-A18B-AD4B3A840963}.Debug|x64.ActiveCfg = Debug|x86
		{32287AD8-C8C8-494F-A18B-AD4B3A840963}.Debug|x86.ActiveCfg = Debug|x86
		{32287AD8-C8C8-494F-A18B-AD4B3A840963}.Debug|x86.Build.0 = Debug|x86
		{32287AD8-C8C8-494F-A18B-AD4B3A840963}.Release|Any CPU.ActiveCfg = Release|x86
		{32287AD8-C8C8-494F-A18B-AD4B3A840963}.Release|x64.ActiveCfg = Release|x86
		{32287AD8-C8C8-494F-A18B-AD4B3A840963}.Release|x86.ActiveCfg = Release|x86
		{32287AD8-C8C8-494F-A18B-AD4B3A840963}.Release|x86.Build.0 = Release|x86
		{32287AD8-C8C8-494F-A18B-AD4B3A840963}.Working|Any CPU.ActiveCfg = Release|x86
		{32287AD8-C8C8-494F-A18B-AD4B3A840963}.Working|Any CPU.Build.0 = Release|x86
		{32287AD8-C8C8-494F-A18B-AD4B3A840963}.Working|x64.ActiveCfg = Release|x86
		{32287AD8-C8C8-494F-A18B-AD4B3A840963}.Working|x64.Build.0 = Release|x86
		{32287AD8-C8C8-494F-A18B-AD4B3A840963}.Working|x86.ActiveCfg = Release|x86
		{32287AD8-C8C8-494F-A18B-AD4B3A840963}.Working|x86.Build.0 = Release|x86
	EndGlobalSection
	GlobalSection(SolutionProperties) = preSolution
		HideSolutionNode = FALSE
	EndGlobalSection
	GlobalSection(ExtensibilityGlobals) = postSolution
		SolutionGuid = {A3FFBA80-7DBA-4A9C-8438-B2A00E206212}
	EndGlobalSection
EndGlobal
